
Microsoft Visual Studio Solution File, Format Version 12.00
Project("{FAE04EC0-301F-11D3-BF4B-00C04F79EFBC}") = "Subscription_Control_Backend", "Subscription_Control_Backend.csproj", "{3F8F2524-93A4-42FF-A248-9F959F96CBCD}"
EndProject
Project("{2150E333-8FDC-42A3-9474-1A3956D46DE8}") = "Solution Items", "Solution Items", "{87CA0B20-BAF3-4DBE-8E21-6544618AFAA1}"
	ProjectSection(SolutionItems) = preProject
		compose.yaml = compose.yaml
	EndProjectSection
EndProject
Global
	GlobalSection(SolutionConfigurationPlatforms) = preSolution
		Debug|Any CPU = Debug|Any CPU
		Release|Any CPU = Release|Any CPU
	EndGlobalSection
	GlobalSection(ProjectConfigurationPlatforms) = postSolution
		{3F8F2524-93A4-42FF-A248-9F959F96CBCD}.Debug|Any CPU.ActiveCfg = Debug|Any CPU
		{3F8F2524-93A4-42FF-A248-9F959F96CBCD}.Debug|Any CPU.Build.0 = Debug|Any CPU
		{3F8F2524-93A4-42FF-A248-9F959F96CBCD}.Release|Any CPU.ActiveCfg = Release|Any CPU
		{3F8F2524-93A4-42FF-A248-9F959F96CBCD}.Release|Any CPU.Build.0 = Release|Any CPU
	EndGlobalSection
EndGlobal
